
Microsoft Visual Studio Solution File, Format Version 12.00
# Visual Studio Version 16
VisualStudioVersion = 16.0.31624.102
MinimumVisualStudioVersion = 10.0.40219.1
Project("{8BC9CEB8-8B4A-11D0-8D11-00A0C91BC942}") = "Treść zadań", "Treść zadań\Treść zadań.vcxproj", "{0B07B802-470B-4138-B230-2B10985A7182}"
EndProject
Project("{2150E333-8FDC-42A3-9474-1A3956D46DE8}") = "00. Treści zadań", "00. Treści zadań", "{1D9152DC-3916-4267-8618-BDBB776AF330}"
EndProject
Project("{2150E333-8FDC-42A3-9474-1A3956D46DE8}") = "01. Podstawy programowania", "01. Podstawy programowania", "{5219D71D-C2E7-4327-8887-395646D84B2A}"
EndProject
Project("{8BC9CEB8-8B4A-11D0-8D11-00A0C91BC942}") = "Podstawy programowania", "Podstawy programowania\Podstawy programowania.vcxproj", "{574655A8-6396-42CF-A03E-50A28749F221}"
EndProject
Project("{2150E333-8FDC-42A3-9474-1A3956D46DE8}") = "02. Instrukcja warunkowe", "02. Instrukcja warunkowe", "{D06B56EF-0F91-4942-9BBA-0E943D9DC996}"
EndProject
Project("{8BC9CEB8-8B4A-11D0-8D11-00A0C91BC942}") = "Instrukcja IF", "Instrukcja IF\Instrukcja IF.vcxproj", "{EB4BDB4C-9727-4498-99C9-F9865D3EA9A5}"
EndProject
Project("{8BC9CEB8-8B4A-11D0-8D11-00A0C91BC942}") = "Instrukcja WHILE", "Instrukcja WHILE\Instrukcja WHILE.vcxproj", "{DAC1F5AD-1C5B-478E-A318-43AA4AC3E419}"
EndProject
Project("{8BC9CEB8-8B4A-11D0-8D11-00A0C91BC942}") = "Instrukcja DO-WHILE", "Instrukcja DO-WHILE\Instrukcja DO-WHILE.vcxproj", "{41739FE2-D2B2-4447-AA5A-7F81676ECBF9}"
EndProject
Project("{8BC9CEB8-8B4A-11D0-8D11-00A0C91BC942}") = "Instrukcja FOR", "Instrukcja FOR\Instrukcja FOR.vcxproj", "{AB2D89D1-36BF-4E33-B3EE-3FF78245DD7E}"
EndProject
Project("{8BC9CEB8-8B4A-11D0-8D11-00A0C91BC942}") = "Instrukcja SWITCH", "Instrukcja SWITCH\Instrukcja SWITCH.vcxproj", "{245A9F3B-AAF1-4014-A632-0222B74012AB}"
EndProject
Project("{2150E333-8FDC-42A3-9474-1A3956D46DE8}") = "03. Łańcuchy znaków", "03. Łańcuchy znaków", "{9FC189B0-BE2F-4E7D-84C8-849BA3F300E6}"
EndProject
Project("{8BC9CEB8-8B4A-11D0-8D11-00A0C91BC942}") = "Typ Char", "Typ Char\Typ Char.vcxproj", "{31AA7405-1731-48A8-AFDE-EE16E347B03A}"
EndProject
Project("{2150E333-8FDC-42A3-9474-1A3956D46DE8}") = "04. Funkcje", "04. Funkcje", "{6CAA5402-20B2-4AC5-9EB0-FA0116FDE3C8}"
EndProject
Project("{8BC9CEB8-8B4A-11D0-8D11-00A0C91BC942}") = "Funkcje", "Funkcje\Funkcje.vcxproj", "{2E98D979-5954-433F-B0B5-09938A548CC6}"
EndProject
Project("{8BC9CEB8-8B4A-11D0-8D11-00A0C91BC942}") = "Typ string", "Typ string\Typ string.vcxproj", "{623DEB57-3BD3-4299-8599-F9AE83480BFF}"
EndProject
Project("{2150E333-8FDC-42A3-9474-1A3956D46DE8}") = "05. Algorytmy wyszukiwania", "05. Algorytmy wyszukiwania", "{87FC65B3-E5CA-45A8-B5B9-5544965123DB}"
EndProject
Project("{8BC9CEB8-8B4A-11D0-8D11-00A0C91BC942}") = "Algorytmy wyszukiwania", "Algorytmy wyszukiwania\Algorytmy wyszukiwania.vcxproj", "{373539EF-8E53-46F0-82DD-044487242382}"
EndProject
Project("{2150E333-8FDC-42A3-9474-1A3956D46DE8}") = "06. Kolekcje", "06. Kolekcje", "{60F98016-89CB-417F-9BBA-4F868AE7A447}"
EndProject
Project("{8BC9CEB8-8B4A-11D0-8D11-00A0C91BC942}") = "Tablice", "Tablice\Tablice.vcxproj", "{0B5109FD-6DDF-4A44-9C88-13D58D4DB800}"
EndProject
Project("{2150E333-8FDC-42A3-9474-1A3956D46DE8}") = "07. Powtórzenie", "07. Powtórzenie", "{1A0633A2-30B8-4C36-8D9D-7E07224710B8}"
EndProject
Project("{8BC9CEB8-8B4A-11D0-8D11-00A0C91BC942}") = "Powtorzenie", "Powtorzenie\Powtorzenie.vcxproj", "{5B33E74D-B54A-4695-BC95-942DC58198B3}"
EndProject
Project("{2150E333-8FDC-42A3-9474-1A3956D46DE8}") = "08. Struktury", "08. Struktury", "{451997F7-0EFB-43D0-9049-952599523E49}"
EndProject
Project("{8BC9CEB8-8B4A-11D0-8D11-00A0C91BC942}") = "CoordinatesProgram", "CoordinatesProgram\CoordinatesProgram.vcxproj", "{4E6272EA-0DC1-4D7E-B6F4-DFDA83BAC898}"
EndProject
Project("{2150E333-8FDC-42A3-9474-1A3956D46DE8}") = "09. Wskaźniki", "09. Wskaźniki", "{15A6A110-9590-4179-BD00-F0B681D0408B}"
EndProject
Project("{8BC9CEB8-8B4A-11D0-8D11-00A0C91BC942}") = "PointersApp", "PointersApp\PointersApp.vcxproj", "{1D534ABD-41D9-4331-BE4F-6277DF6DD5AB}"
EndProject
Project("{2150E333-8FDC-42A3-9474-1A3956D46DE8}") = "10. Podstawy obiektów", "10. Podstawy obiektów", "{4B0780FA-AD0A-463A-9713-C6D7F42C5241}"
EndProject
Project("{8BC9CEB8-8B4A-11D0-8D11-00A0C91BC942}") = "FirstObjectProgram", "FirstObjectProgram\FirstObjectProgram.vcxproj", "{D1FAB73C-4B26-46FD-BE27-83B33A4F8794}"
EndProject
Project("{8BC9CEB8-8B4A-11D0-8D11-00A0C91BC942}") = "DrivingCar", "DrivingCar\DrivingCar.vcxproj", "{1072ACCF-2DA5-4606-94E7-A56F400422EC}"
EndProject
Project("{8BC9CEB8-8B4A-11D0-8D11-00A0C91BC942}") = "MyOwnObjectTask", "MyOwnObjectTask\MyOwnObjectTask.vcxproj", "{44D8A73D-F863-4656-AB80-E20B0D39F5ED}"
EndProject
Project("{2150E333-8FDC-42A3-9474-1A3956D46DE8}") = "C++", "C++", "{4734EACA-110C-41E4-991B-14E40215D6E5}"
EndProject
Project("{2150E333-8FDC-42A3-9474-1A3956D46DE8}") = "C Sharp", "C Sharp", "{31028D2A-55C0-42BF-8C55-760DDC97D2E5}"
EndProject
Project("{2150E333-8FDC-42A3-9474-1A3956D46DE8}") = "01. Podstawy", "01. Podstawy", "{D971FDCE-60B6-49EA-8594-1DB6C53F9337}"
EndProject
Project("{9A19103F-16F7-4668-BE54-9A1E7A4F7556}") = "FirstConsoleApp", "FirstConsoleApp\FirstConsoleApp.csproj", "{8DC08263-6AB0-4E64-8617-15B10ADDAE88}"
EndProject
Project("{9A19103F-16F7-4668-BE54-9A1E7A4F7556}") = "FirstObjectConsoleApp", "FirstObjectConsoleApp\FirstObjectConsoleApp.csproj", "{5908B686-3719-46EA-B777-3C3C4989E69B}"
EndProject
Project("{2150E333-8FDC-42A3-9474-1A3956D46DE8}") = "02. Kolekcje", "02. Kolekcje", "{C7B3EF2D-5F7A-4122-A262-70D497482A23}"
EndProject
Project("{9A19103F-16F7-4668-BE54-9A1E7A4F7556}") = "CollectionConsoleApp", "CollectionConsoleApp\CollectionConsoleApp.csproj", "{8513FE84-15C1-4384-8ADD-F53CEFE4EF22}"
EndProject
Project("{2150E333-8FDC-42A3-9474-1A3956D46DE8}") = "03. Obiekty", "03. Obiekty", "{2CAE4AEA-228A-4B23-B46F-CAEE386EAFD3}"
EndProject
Project("{9A19103F-16F7-4668-BE54-9A1E7A4F7556}") = "ShapeConsoleApp", "ShapeConsoleApp\ShapeConsoleApp.csproj", "{A3EDD236-326A-434E-AFF6-CD8FBB4AC5BD}"
EndProject
Project("{2150E333-8FDC-42A3-9474-1A3956D46DE8}") = "04. Zadania", "04. Zadania", "{E993BA88-042D-439E-9E1D-8737DC8DE41D}"
EndProject
Project("{9A19103F-16F7-4668-BE54-9A1E7A4F7556}") = "LotOfTasks", "LotOfTasks\LotOfTasks.csproj", "{1D093BA8-7D4B-4A65-85E6-2979EB07A5DC}"
EndProject
Project("{2150E333-8FDC-42A3-9474-1A3956D46DE8}") = "05. Właściwości", "05. Właściwości", "{25DE453D-1C81-47BF-92E8-543E5229699F}"
EndProject
Project("{9A19103F-16F7-4668-BE54-9A1E7A4F7556}") = "PropertiesApp", "PropertiesApp\PropertiesApp.csproj", "{DE290CB3-9D63-4334-AFF4-7EC428A7D77D}"
EndProject
Project("{2150E333-8FDC-42A3-9474-1A3956D46DE8}") = "06. Obsługa błędów", "06. Obsługa błędów", "{AEBDD50D-1E4E-4B97-BCBE-8CF16E91B743}"
EndProject
Project("{9A19103F-16F7-4668-BE54-9A1E7A4F7556}") = "ExceptionApp", "ExceptionApp\ExceptionApp.csproj", "{B7798EB5-77C4-49A8-BE4A-D7BB0D6CF40A}"
EndProject
Project("{2150E333-8FDC-42A3-9474-1A3956D46DE8}") = "07. Polimorfizm", "07. Polimorfizm", "{3A943B4F-F66E-4FE4-B156-6A39F0DDBA54}"
EndProject
Project("{9A19103F-16F7-4668-BE54-9A1E7A4F7556}") = "PolimorfizmApp", "PolimorfizmApp\PolimorfizmApp.csproj", "{9A877862-6EA6-4FFB-9932-A735E2A4072A}"
EndProject
Project("{2150E333-8FDC-42A3-9474-1A3956D46DE8}") = "08. Baza danych", "08. Baza danych", "{1D2721B3-696A-4B07-8319-831F1D73F548}"
EndProject
Project("{9A19103F-16F7-4668-BE54-9A1E7A4F7556}") = "SchoolApp", "SchoolApp\SchoolApp.csproj", "{EF8772F5-4575-49A4-B3F2-F5A782080213}"
EndProject
Global
	GlobalSection(SolutionConfigurationPlatforms) = preSolution
		Debug|Any CPU = Debug|Any CPU
		Debug|x64 = Debug|x64
		Debug|x86 = Debug|x86
		Release|Any CPU = Release|Any CPU
		Release|x64 = Release|x64
		Release|x86 = Release|x86
	EndGlobalSection
	GlobalSection(ProjectConfigurationPlatforms) = postSolution
		{0B07B802-470B-4138-B230-2B10985A7182}.Debug|Any CPU.ActiveCfg = Debug|Win32
		{0B07B802-470B-4138-B230-2B10985A7182}.Debug|x64.ActiveCfg = Debug|x64
		{0B07B802-470B-4138-B230-2B10985A7182}.Debug|x86.ActiveCfg = Debug|Win32
		{0B07B802-470B-4138-B230-2B10985A7182}.Release|Any CPU.ActiveCfg = Release|Win32
		{0B07B802-470B-4138-B230-2B10985A7182}.Release|x64.ActiveCfg = Release|x64
		{0B07B802-470B-4138-B230-2B10985A7182}.Release|x64.Build.0 = Release|x64
		{0B07B802-470B-4138-B230-2B10985A7182}.Release|x86.ActiveCfg = Release|Win32
		{0B07B802-470B-4138-B230-2B10985A7182}.Release|x86.Build.0 = Release|Win32
		{574655A8-6396-42CF-A03E-50A28749F221}.Debug|Any CPU.ActiveCfg = Debug|Win32
		{574655A8-6396-42CF-A03E-50A28749F221}.Debug|x64.ActiveCfg = Debug|x64
		{574655A8-6396-42CF-A03E-50A28749F221}.Debug|x64.Build.0 = Debug|x64
		{574655A8-6396-42CF-A03E-50A28749F221}.Debug|x86.ActiveCfg = Debug|Win32
		{574655A8-6396-42CF-A03E-50A28749F221}.Debug|x86.Build.0 = Debug|Win32
		{574655A8-6396-42CF-A03E-50A28749F221}.Release|Any CPU.ActiveCfg = Release|Win32
		{574655A8-6396-42CF-A03E-50A28749F221}.Release|x64.ActiveCfg = Release|x64
		{574655A8-6396-42CF-A03E-50A28749F221}.Release|x64.Build.0 = Release|x64
		{574655A8-6396-42CF-A03E-50A28749F221}.Release|x86.ActiveCfg = Release|Win32
		{574655A8-6396-42CF-A03E-50A28749F221}.Release|x86.Build.0 = Release|Win32
		{EB4BDB4C-9727-4498-99C9-F9865D3EA9A5}.Debug|Any CPU.ActiveCfg = Debug|Win32
		{EB4BDB4C-9727-4498-99C9-F9865D3EA9A5}.Debug|x64.ActiveCfg = Debug|x64
		{EB4BDB4C-9727-4498-99C9-F9865D3EA9A5}.Debug|x64.Build.0 = Debug|x64
		{EB4BDB4C-9727-4498-99C9-F9865D3EA9A5}.Debug|x86.ActiveCfg = Debug|Win32
		{EB4BDB4C-9727-4498-99C9-F9865D3EA9A5}.Debug|x86.Build.0 = Debug|Win32
		{EB4BDB4C-9727-4498-99C9-F9865D3EA9A5}.Release|Any CPU.ActiveCfg = Release|Win32
		{EB4BDB4C-9727-4498-99C9-F9865D3EA9A5}.Release|x64.ActiveCfg = Release|x64
		{EB4BDB4C-9727-4498-99C9-F9865D3EA9A5}.Release|x64.Build.0 = Release|x64
		{EB4BDB4C-9727-4498-99C9-F9865D3EA9A5}.Release|x86.ActiveCfg = Release|Win32
		{EB4BDB4C-9727-4498-99C9-F9865D3EA9A5}.Release|x86.Build.0 = Release|Win32
		{DAC1F5AD-1C5B-478E-A318-43AA4AC3E419}.Debug|Any CPU.ActiveCfg = Debug|Win32
		{DAC1F5AD-1C5B-478E-A318-43AA4AC3E419}.Debug|x64.ActiveCfg = Debug|x64
		{DAC1F5AD-1C5B-478E-A318-43AA4AC3E419}.Debug|x64.Build.0 = Debug|x64
		{DAC1F5AD-1C5B-478E-A318-43AA4AC3E419}.Debug|x86.ActiveCfg = Debug|Win32
		{DAC1F5AD-1C5B-478E-A318-43AA4AC3E419}.Debug|x86.Build.0 = Debug|Win32
		{DAC1F5AD-1C5B-478E-A318-43AA4AC3E419}.Release|Any CPU.ActiveCfg = Release|Win32
		{DAC1F5AD-1C5B-478E-A318-43AA4AC3E419}.Release|x64.ActiveCfg = Release|x64
		{DAC1F5AD-1C5B-478E-A318-43AA4AC3E419}.Release|x64.Build.0 = Release|x64
		{DAC1F5AD-1C5B-478E-A318-43AA4AC3E419}.Release|x86.ActiveCfg = Release|Win32
		{DAC1F5AD-1C5B-478E-A318-43AA4AC3E419}.Release|x86.Build.0 = Release|Win32
		{41739FE2-D2B2-4447-AA5A-7F81676ECBF9}.Debug|Any CPU.ActiveCfg = Debug|Win32
		{41739FE2-D2B2-4447-AA5A-7F81676ECBF9}.Debug|x64.ActiveCfg = Debug|x64
		{41739FE2-D2B2-4447-AA5A-7F81676ECBF9}.Debug|x64.Build.0 = Debug|x64
		{41739FE2-D2B2-4447-AA5A-7F81676ECBF9}.Debug|x86.ActiveCfg = Debug|Win32
		{41739FE2-D2B2-4447-AA5A-7F81676ECBF9}.Debug|x86.Build.0 = Debug|Win32
		{41739FE2-D2B2-4447-AA5A-7F81676ECBF9}.Release|Any CPU.ActiveCfg = Release|Win32
		{41739FE2-D2B2-4447-AA5A-7F81676ECBF9}.Release|x64.ActiveCfg = Release|x64
		{41739FE2-D2B2-4447-AA5A-7F81676ECBF9}.Release|x64.Build.0 = Release|x64
		{41739FE2-D2B2-4447-AA5A-7F81676ECBF9}.Release|x86.ActiveCfg = Release|Win32
		{41739FE2-D2B2-4447-AA5A-7F81676ECBF9}.Release|x86.Build.0 = Release|Win32
		{AB2D89D1-36BF-4E33-B3EE-3FF78245DD7E}.Debug|Any CPU.ActiveCfg = Debug|Win32
		{AB2D89D1-36BF-4E33-B3EE-3FF78245DD7E}.Debug|x64.ActiveCfg = Debug|x64
		{AB2D89D1-36BF-4E33-B3EE-3FF78245DD7E}.Debug|x64.Build.0 = Debug|x64
		{AB2D89D1-36BF-4E33-B3EE-3FF78245DD7E}.Debug|x86.ActiveCfg = Debug|Win32
		{AB2D89D1-36BF-4E33-B3EE-3FF78245DD7E}.Debug|x86.Build.0 = Debug|Win32
		{AB2D89D1-36BF-4E33-B3EE-3FF78245DD7E}.Release|Any CPU.ActiveCfg = Release|Win32
		{AB2D89D1-36BF-4E33-B3EE-3FF78245DD7E}.Release|x64.ActiveCfg = Release|x64
		{AB2D89D1-36BF-4E33-B3EE-3FF78245DD7E}.Release|x64.Build.0 = Release|x64
		{AB2D89D1-36BF-4E33-B3EE-3FF78245DD7E}.Release|x86.ActiveCfg = Release|Win32
		{AB2D89D1-36BF-4E33-B3EE-3FF78245DD7E}.Release|x86.Build.0 = Release|Win32
		{245A9F3B-AAF1-4014-A632-0222B74012AB}.Debug|Any CPU.ActiveCfg = Debug|Win32
		{245A9F3B-AAF1-4014-A632-0222B74012AB}.Debug|x64.ActiveCfg = Debug|x64
		{245A9F3B-AAF1-4014-A632-0222B74012AB}.Debug|x64.Build.0 = Debug|x64
		{245A9F3B-AAF1-4014-A632-0222B74012AB}.Debug|x86.ActiveCfg = Debug|Win32
		{245A9F3B-AAF1-4014-A632-0222B74012AB}.Debug|x86.Build.0 = Debug|Win32
		{245A9F3B-AAF1-4014-A632-0222B74012AB}.Release|Any CPU.ActiveCfg = Release|Win32
		{245A9F3B-AAF1-4014-A632-0222B74012AB}.Release|x64.ActiveCfg = Release|x64
		{245A9F3B-AAF1-4014-A632-0222B74012AB}.Release|x64.Build.0 = Release|x64
		{245A9F3B-AAF1-4014-A632-0222B74012AB}.Release|x86.ActiveCfg = Release|Win32
		{245A9F3B-AAF1-4014-A632-0222B74012AB}.Release|x86.Build.0 = Release|Win32
		{31AA7405-1731-48A8-AFDE-EE16E347B03A}.Debug|Any CPU.ActiveCfg = Debug|Win32
		{31AA7405-1731-48A8-AFDE-EE16E347B03A}.Debug|x64.ActiveCfg = Debug|x64
		{31AA7405-1731-48A8-AFDE-EE16E347B03A}.Debug|x64.Build.0 = Debug|x64
		{31AA7405-1731-48A8-AFDE-EE16E347B03A}.Debug|x86.ActiveCfg = Debug|Win32
		{31AA7405-1731-48A8-AFDE-EE16E347B03A}.Debug|x86.Build.0 = Debug|Win32
		{31AA7405-1731-48A8-AFDE-EE16E347B03A}.Release|Any CPU.ActiveCfg = Release|Win32
		{31AA7405-1731-48A8-AFDE-EE16E347B03A}.Release|x64.ActiveCfg = Release|x64
		{31AA7405-1731-48A8-AFDE-EE16E347B03A}.Release|x64.Build.0 = Release|x64
		{31AA7405-1731-48A8-AFDE-EE16E347B03A}.Release|x86.ActiveCfg = Release|Win32
		{31AA7405-1731-48A8-AFDE-EE16E347B03A}.Release|x86.Build.0 = Release|Win32
		{2E98D979-5954-433F-B0B5-09938A548CC6}.Debug|Any CPU.ActiveCfg = Debug|Win32
		{2E98D979-5954-433F-B0B5-09938A548CC6}.Debug|x64.ActiveCfg = Debug|x64
		{2E98D979-5954-433F-B0B5-09938A548CC6}.Debug|x64.Build.0 = Debug|x64
		{2E98D979-5954-433F-B0B5-09938A548CC6}.Debug|x86.ActiveCfg = Debug|Win32
		{2E98D979-5954-433F-B0B5-09938A548CC6}.Debug|x86.Build.0 = Debug|Win32
		{2E98D979-5954-433F-B0B5-09938A548CC6}.Release|Any CPU.ActiveCfg = Release|Win32
		{2E98D979-5954-433F-B0B5-09938A548CC6}.Release|x64.ActiveCfg = Release|x64
		{2E98D979-5954-433F-B0B5-09938A548CC6}.Release|x64.Build.0 = Release|x64
		{2E98D979-5954-433F-B0B5-09938A548CC6}.Release|x86.ActiveCfg = Release|Win32
		{2E98D979-5954-433F-B0B5-09938A548CC6}.Release|x86.Build.0 = Release|Win32
		{623DEB57-3BD3-4299-8599-F9AE83480BFF}.Debug|Any CPU.ActiveCfg = Debug|Win32
		{623DEB57-3BD3-4299-8599-F9AE83480BFF}.Debug|x64.ActiveCfg = Debug|x64
		{623DEB57-3BD3-4299-8599-F9AE83480BFF}.Debug|x64.Build.0 = Debug|x64
		{623DEB57-3BD3-4299-8599-F9AE83480BFF}.Debug|x86.ActiveCfg = Debug|Win32
		{623DEB57-3BD3-4299-8599-F9AE83480BFF}.Debug|x86.Build.0 = Debug|Win32
		{623DEB57-3BD3-4299-8599-F9AE83480BFF}.Release|Any CPU.ActiveCfg = Release|Win32
		{623DEB57-3BD3-4299-8599-F9AE83480BFF}.Release|x64.ActiveCfg = Release|x64
		{623DEB57-3BD3-4299-8599-F9AE83480BFF}.Release|x64.Build.0 = Release|x64
		{623DEB57-3BD3-4299-8599-F9AE83480BFF}.Release|x86.ActiveCfg = Release|Win32
		{623DEB57-3BD3-4299-8599-F9AE83480BFF}.Release|x86.Build.0 = Release|Win32
		{373539EF-8E53-46F0-82DD-044487242382}.Debug|Any CPU.ActiveCfg = Debug|Win32
		{373539EF-8E53-46F0-82DD-044487242382}.Debug|x64.ActiveCfg = Debug|x64
		{373539EF-8E53-46F0-82DD-044487242382}.Debug|x64.Build.0 = Debug|x64
		{373539EF-8E53-46F0-82DD-044487242382}.Debug|x86.ActiveCfg = Debug|Win32
		{373539EF-8E53-46F0-82DD-044487242382}.Debug|x86.Build.0 = Debug|Win32
		{373539EF-8E53-46F0-82DD-044487242382}.Release|Any CPU.ActiveCfg = Release|Win32
		{373539EF-8E53-46F0-82DD-044487242382}.Release|x64.ActiveCfg = Release|x64
		{373539EF-8E53-46F0-82DD-044487242382}.Release|x64.Build.0 = Release|x64
		{373539EF-8E53-46F0-82DD-044487242382}.Release|x86.ActiveCfg = Release|Win32
		{373539EF-8E53-46F0-82DD-044487242382}.Release|x86.Build.0 = Release|Win32
		{0B5109FD-6DDF-4A44-9C88-13D58D4DB800}.Debug|Any CPU.ActiveCfg = Debug|Win32
		{0B5109FD-6DDF-4A44-9C88-13D58D4DB800}.Debug|x64.ActiveCfg = Debug|x64
		{0B5109FD-6DDF-4A44-9C88-13D58D4DB800}.Debug|x64.Build.0 = Debug|x64
		{0B5109FD-6DDF-4A44-9C88-13D58D4DB800}.Debug|x86.ActiveCfg = Debug|Win32
		{0B5109FD-6DDF-4A44-9C88-13D58D4DB800}.Debug|x86.Build.0 = Debug|Win32
		{0B5109FD-6DDF-4A44-9C88-13D58D4DB800}.Release|Any CPU.ActiveCfg = Release|Win32
		{0B5109FD-6DDF-4A44-9C88-13D58D4DB800}.Release|x64.ActiveCfg = Release|x64
		{0B5109FD-6DDF-4A44-9C88-13D58D4DB800}.Release|x64.Build.0 = Release|x64
		{0B5109FD-6DDF-4A44-9C88-13D58D4DB800}.Release|x86.ActiveCfg = Release|Win32
		{0B5109FD-6DDF-4A44-9C88-13D58D4DB800}.Release|x86.Build.0 = Release|Win32
		{5B33E74D-B54A-4695-BC95-942DC58198B3}.Debug|Any CPU.ActiveCfg = Debug|Win32
		{5B33E74D-B54A-4695-BC95-942DC58198B3}.Debug|x64.ActiveCfg = Debug|x64
		{5B33E74D-B54A-4695-BC95-942DC58198B3}.Debug|x64.Build.0 = Debug|x64
		{5B33E74D-B54A-4695-BC95-942DC58198B3}.Debug|x86.ActiveCfg = Debug|Win32
		{5B33E74D-B54A-4695-BC95-942DC58198B3}.Debug|x86.Build.0 = Debug|Win32
		{5B33E74D-B54A-4695-BC95-942DC58198B3}.Release|Any CPU.ActiveCfg = Release|Win32
		{5B33E74D-B54A-4695-BC95-942DC58198B3}.Release|x64.ActiveCfg = Release|x64
		{5B33E74D-B54A-4695-BC95-942DC58198B3}.Release|x64.Build.0 = Release|x64
		{5B33E74D-B54A-4695-BC95-942DC58198B3}.Release|x86.ActiveCfg = Release|Win32
		{5B33E74D-B54A-4695-BC95-942DC58198B3}.Release|x86.Build.0 = Release|Win32
		{4E6272EA-0DC1-4D7E-B6F4-DFDA83BAC898}.Debug|Any CPU.ActiveCfg = Debug|Win32
		{4E6272EA-0DC1-4D7E-B6F4-DFDA83BAC898}.Debug|x64.ActiveCfg = Debug|x64
		{4E6272EA-0DC1-4D7E-B6F4-DFDA83BAC898}.Debug|x64.Build.0 = Debug|x64
		{4E6272EA-0DC1-4D7E-B6F4-DFDA83BAC898}.Debug|x86.ActiveCfg = Debug|Win32
		{4E6272EA-0DC1-4D7E-B6F4-DFDA83BAC898}.Debug|x86.Build.0 = Debug|Win32
		{4E6272EA-0DC1-4D7E-B6F4-DFDA83BAC898}.Release|Any CPU.ActiveCfg = Release|Win32
		{4E6272EA-0DC1-4D7E-B6F4-DFDA83BAC898}.Release|x64.ActiveCfg = Release|x64
		{4E6272EA-0DC1-4D7E-B6F4-DFDA83BAC898}.Release|x64.Build.0 = Release|x64
		{4E6272EA-0DC1-4D7E-B6F4-DFDA83BAC898}.Release|x86.ActiveCfg = Release|Win32
		{4E6272EA-0DC1-4D7E-B6F4-DFDA83BAC898}.Release|x86.Build.0 = Release|Win32
		{1D534ABD-41D9-4331-BE4F-6277DF6DD5AB}.Debug|Any CPU.ActiveCfg = Debug|Win32
		{1D534ABD-41D9-4331-BE4F-6277DF6DD5AB}.Debug|x64.ActiveCfg = Debug|x64
		{1D534ABD-41D9-4331-BE4F-6277DF6DD5AB}.Debug|x64.Build.0 = Debug|x64
		{1D534ABD-41D9-4331-BE4F-6277DF6DD5AB}.Debug|x86.ActiveCfg = Debug|Win32
		{1D534ABD-41D9-4331-BE4F-6277DF6DD5AB}.Debug|x86.Build.0 = Debug|Win32
		{1D534ABD-41D9-4331-BE4F-6277DF6DD5AB}.Release|Any CPU.ActiveCfg = Release|Win32
		{1D534ABD-41D9-4331-BE4F-6277DF6DD5AB}.Release|x64.ActiveCfg = Release|x64
		{1D534ABD-41D9-4331-BE4F-6277DF6DD5AB}.Release|x64.Build.0 = Release|x64
		{1D534ABD-41D9-4331-BE4F-6277DF6DD5AB}.Release|x86.ActiveCfg = Release|Win32
		{1D534ABD-41D9-4331-BE4F-6277DF6DD5AB}.Release|x86.Build.0 = Release|Win32
		{D1FAB73C-4B26-46FD-BE27-83B33A4F8794}.Debug|Any CPU.ActiveCfg = Debug|Win32
		{D1FAB73C-4B26-46FD-BE27-83B33A4F8794}.Debug|x64.ActiveCfg = Debug|x64
		{D1FAB73C-4B26-46FD-BE27-83B33A4F8794}.Debug|x64.Build.0 = Debug|x64
		{D1FAB73C-4B26-46FD-BE27-83B33A4F8794}.Debug|x86.ActiveCfg = Debug|Win32
		{D1FAB73C-4B26-46FD-BE27-83B33A4F8794}.Debug|x86.Build.0 = Debug|Win32
		{D1FAB73C-4B26-46FD-BE27-83B33A4F8794}.Release|Any CPU.ActiveCfg = Release|Win32
		{D1FAB73C-4B26-46FD-BE27-83B33A4F8794}.Release|x64.ActiveCfg = Release|x64
		{D1FAB73C-4B26-46FD-BE27-83B33A4F8794}.Release|x64.Build.0 = Release|x64
		{D1FAB73C-4B26-46FD-BE27-83B33A4F8794}.Release|x86.ActiveCfg = Release|Win32
		{D1FAB73C-4B26-46FD-BE27-83B33A4F8794}.Release|x86.Build.0 = Release|Win32
		{1072ACCF-2DA5-4606-94E7-A56F400422EC}.Debug|Any CPU.ActiveCfg = Debug|Win32
		{1072ACCF-2DA5-4606-94E7-A56F400422EC}.Debug|x64.ActiveCfg = Debug|x64
		{1072ACCF-2DA5-4606-94E7-A56F400422EC}.Debug|x64.Build.0 = Debug|x64
		{1072ACCF-2DA5-4606-94E7-A56F400422EC}.Debug|x86.ActiveCfg = Debug|Win32
		{1072ACCF-2DA5-4606-94E7-A56F400422EC}.Debug|x86.Build.0 = Debug|Win32
		{1072ACCF-2DA5-4606-94E7-A56F400422EC}.Release|Any CPU.ActiveCfg = Release|Win32
		{1072ACCF-2DA5-4606-94E7-A56F400422EC}.Release|x64.ActiveCfg = Release|x64
		{1072ACCF-2DA5-4606-94E7-A56F400422EC}.Release|x64.Build.0 = Release|x64
		{1072ACCF-2DA5-4606-94E7-A56F400422EC}.Release|x86.ActiveCfg = Release|Win32
		{1072ACCF-2DA5-4606-94E7-A56F400422EC}.Release|x86.Build.0 = Release|Win32
		{44D8A73D-F863-4656-AB80-E20B0D39F5ED}.Debug|Any CPU.ActiveCfg = Debug|Win32
		{44D8A73D-F863-4656-AB80-E20B0D39F5ED}.Debug|x64.ActiveCfg = Debug|x64
		{44D8A73D-F863-4656-AB80-E20B0D39F5ED}.Debug|x64.Build.0 = Debug|x64
		{44D8A73D-F863-4656-AB80-E20B0D39F5ED}.Debug|x86.ActiveCfg = Debug|Win32
		{44D8A73D-F863-4656-AB80-E20B0D39F5ED}.Debug|x86.Build.0 = Debug|Win32
		{44D8A73D-F863-4656-AB80-E20B0D39F5ED}.Release|Any CPU.ActiveCfg = Release|Win32
		{44D8A73D-F863-4656-AB80-E20B0D39F5ED}.Release|x64.ActiveCfg = Release|x64
		{44D8A73D-F863-4656-AB80-E20B0D39F5ED}.Release|x64.Build.0 = Release|x64
		{44D8A73D-F863-4656-AB80-E20B0D39F5ED}.Release|x86.ActiveCfg = Release|Win32
		{44D8A73D-F863-4656-AB80-E20B0D39F5ED}.Release|x86.Build.0 = Release|Win32
		{8DC08263-6AB0-4E64-8617-15B10ADDAE88}.Debug|Any CPU.ActiveCfg = Debug|Any CPU
		{8DC08263-6AB0-4E64-8617-15B10ADDAE88}.Debug|Any CPU.Build.0 = Debug|Any CPU
		{8DC08263-6AB0-4E64-8617-15B10ADDAE88}.Debug|x64.ActiveCfg = Debug|Any CPU
		{8DC08263-6AB0-4E64-8617-15B10ADDAE88}.Debug|x64.Build.0 = Debug|Any CPU
		{8DC08263-6AB0-4E64-8617-15B10ADDAE88}.Debug|x86.ActiveCfg = Debug|Any CPU
		{8DC08263-6AB0-4E64-8617-15B10ADDAE88}.Debug|x86.Build.0 = Debug|Any CPU
		{8DC08263-6AB0-4E64-8617-15B10ADDAE88}.Release|Any CPU.ActiveCfg = Release|Any CPU
		{8DC08263-6AB0-4E64-8617-15B10ADDAE88}.Release|Any CPU.Build.0 = Release|Any CPU
		{8DC08263-6AB0-4E64-8617-15B10ADDAE88}.Release|x64.ActiveCfg = Release|Any CPU
		{8DC08263-6AB0-4E64-8617-15B10ADDAE88}.Release|x64.Build.0 = Release|Any CPU
		{8DC08263-6AB0-4E64-8617-15B10ADDAE88}.Release|x86.ActiveCfg = Release|Any CPU
		{8DC08263-6AB0-4E64-8617-15B10ADDAE88}.Release|x86.Build.0 = Release|Any CPU
		{5908B686-3719-46EA-B777-3C3C4989E69B}.Debug|Any CPU.ActiveCfg = Debug|Any CPU
		{5908B686-3719-46EA-B777-3C3C4989E69B}.Debug|Any CPU.Build.0 = Debug|Any CPU
		{5908B686-3719-46EA-B777-3C3C4989E69B}.Debug|x64.ActiveCfg = Debug|Any CPU
		{5908B686-3719-46EA-B777-3C3C4989E69B}.Debug|x64.Build.0 = Debug|Any CPU
		{5908B686-3719-46EA-B777-3C3C4989E69B}.Debug|x86.ActiveCfg = Debug|Any CPU
		{5908B686-3719-46EA-B777-3C3C4989E69B}.Debug|x86.Build.0 = Debug|Any CPU
		{5908B686-3719-46EA-B777-3C3C4989E69B}.Release|Any CPU.ActiveCfg = Release|Any CPU
		{5908B686-3719-46EA-B777-3C3C4989E69B}.Release|Any CPU.Build.0 = Release|Any CPU
		{5908B686-3719-46EA-B777-3C3C4989E69B}.Release|x64.ActiveCfg = Release|Any CPU
		{5908B686-3719-46EA-B777-3C3C4989E69B}.Release|x64.Build.0 = Release|Any CPU
		{5908B686-3719-46EA-B777-3C3C4989E69B}.Release|x86.ActiveCfg = Release|Any CPU
		{5908B686-3719-46EA-B777-3C3C4989E69B}.Release|x86.Build.0 = Release|Any CPU
		{8513FE84-15C1-4384-8ADD-F53CEFE4EF22}.Debug|Any CPU.ActiveCfg = Debug|Any CPU
		{8513FE84-15C1-4384-8ADD-F53CEFE4EF22}.Debug|Any CPU.Build.0 = Debug|Any CPU
		{8513FE84-15C1-4384-8ADD-F53CEFE4EF22}.Debug|x64.ActiveCfg = Debug|Any CPU
		{8513FE84-15C1-4384-8ADD-F53CEFE4EF22}.Debug|x64.Build.0 = Debug|Any CPU
		{8513FE84-15C1-4384-8ADD-F53CEFE4EF22}.Debug|x86.ActiveCfg = Debug|Any CPU
		{8513FE84-15C1-4384-8ADD-F53CEFE4EF22}.Debug|x86.Build.0 = Debug|Any CPU
		{8513FE84-15C1-4384-8ADD-F53CEFE4EF22}.Release|Any CPU.ActiveCfg = Release|Any CPU
		{8513FE84-15C1-4384-8ADD-F53CEFE4EF22}.Release|Any CPU.Build.0 = Release|Any CPU
		{8513FE84-15C1-4384-8ADD-F53CEFE4EF22}.Release|x64.ActiveCfg = Release|Any CPU
		{8513FE84-15C1-4384-8ADD-F53CEFE4EF22}.Release|x64.Build.0 = Release|Any CPU
		{8513FE84-15C1-4384-8ADD-F53CEFE4EF22}.Release|x86.ActiveCfg = Release|Any CPU
		{8513FE84-15C1-4384-8ADD-F53CEFE4EF22}.Release|x86.Build.0 = Release|Any CPU
		{A3EDD236-326A-434E-AFF6-CD8FBB4AC5BD}.Debug|Any CPU.ActiveCfg = Debug|Any CPU
		{A3EDD236-326A-434E-AFF6-CD8FBB4AC5BD}.Debug|Any CPU.Build.0 = Debug|Any CPU
		{A3EDD236-326A-434E-AFF6-CD8FBB4AC5BD}.Debug|x64.ActiveCfg = Debug|Any CPU
		{A3EDD236-326A-434E-AFF6-CD8FBB4AC5BD}.Debug|x64.Build.0 = Debug|Any CPU
		{A3EDD236-326A-434E-AFF6-CD8FBB4AC5BD}.Debug|x86.ActiveCfg = Debug|Any CPU
		{A3EDD236-326A-434E-AFF6-CD8FBB4AC5BD}.Debug|x86.Build.0 = Debug|Any CPU
		{A3EDD236-326A-434E-AFF6-CD8FBB4AC5BD}.Release|Any CPU.ActiveCfg = Release|Any CPU
		{A3EDD236-326A-434E-AFF6-CD8FBB4AC5BD}.Release|Any CPU.Build.0 = Release|Any CPU
		{A3EDD236-326A-434E-AFF6-CD8FBB4AC5BD}.Release|x64.ActiveCfg = Release|Any CPU
		{A3EDD236-326A-434E-AFF6-CD8FBB4AC5BD}.Release|x64.Build.0 = Release|Any CPU
		{A3EDD236-326A-434E-AFF6-CD8FBB4AC5BD}.Release|x86.ActiveCfg = Release|Any CPU
		{A3EDD236-326A-434E-AFF6-CD8FBB4AC5BD}.Release|x86.Build.0 = Release|Any CPU
		{1D093BA8-7D4B-4A65-85E6-2979EB07A5DC}.Debug|Any CPU.ActiveCfg = Debug|Any CPU
		{1D093BA8-7D4B-4A65-85E6-2979EB07A5DC}.Debug|Any CPU.Build.0 = Debug|Any CPU
		{1D093BA8-7D4B-4A65-85E6-2979EB07A5DC}.Debug|x64.ActiveCfg = Debug|Any CPU
		{1D093BA8-7D4B-4A65-85E6-2979EB07A5DC}.Debug|x64.Build.0 = Debug|Any CPU
		{1D093BA8-7D4B-4A65-85E6-2979EB07A5DC}.Debug|x86.ActiveCfg = Debug|Any CPU
		{1D093BA8-7D4B-4A65-85E6-2979EB07A5DC}.Debug|x86.Build.0 = Debug|Any CPU
		{1D093BA8-7D4B-4A65-85E6-2979EB07A5DC}.Release|Any CPU.ActiveCfg = Release|Any CPU
		{1D093BA8-7D4B-4A65-85E6-2979EB07A5DC}.Release|Any CPU.Build.0 = Release|Any CPU
		{1D093BA8-7D4B-4A65-85E6-2979EB07A5DC}.Release|x64.ActiveCfg = Release|Any CPU
		{1D093BA8-7D4B-4A65-85E6-2979EB07A5DC}.Release|x64.Build.0 = Release|Any CPU
		{1D093BA8-7D4B-4A65-85E6-2979EB07A5DC}.Release|x86.ActiveCfg = Release|Any CPU
		{1D093BA8-7D4B-4A65-85E6-2979EB07A5DC}.Release|x86.Build.0 = Release|Any CPU
		{DE290CB3-9D63-4334-AFF4-7EC428A7D77D}.Debug|Any CPU.ActiveCfg = Debug|Any CPU
		{DE290CB3-9D63-4334-AFF4-7EC428A7D77D}.Debug|Any CPU.Build.0 = Debug|Any CPU
		{DE290CB3-9D63-4334-AFF4-7EC428A7D77D}.Debug|x64.ActiveCfg = Debug|Any CPU
		{DE290CB3-9D63-4334-AFF4-7EC428A7D77D}.Debug|x64.Build.0 = Debug|Any CPU
		{DE290CB3-9D63-4334-AFF4-7EC428A7D77D}.Debug|x86.ActiveCfg = Debug|Any CPU
		{DE290CB3-9D63-4334-AFF4-7EC428A7D77D}.Debug|x86.Build.0 = Debug|Any CPU
		{DE290CB3-9D63-4334-AFF4-7EC428A7D77D}.Release|Any CPU.ActiveCfg = Release|Any CPU
		{DE290CB3-9D63-4334-AFF4-7EC428A7D77D}.Release|Any CPU.Build.0 = Release|Any CPU
		{DE290CB3-9D63-4334-AFF4-7EC428A7D77D}.Release|x64.ActiveCfg = Release|Any CPU
		{DE290CB3-9D63-4334-AFF4-7EC428A7D77D}.Release|x64.Build.0 = Release|Any CPU
		{DE290CB3-9D63-4334-AFF4-7EC428A7D77D}.Release|x86.ActiveCfg = Release|Any CPU
		{DE290CB3-9D63-4334-AFF4-7EC428A7D77D}.Release|x86.Build.0 = Release|Any CPU
		{B7798EB5-77C4-49A8-BE4A-D7BB0D6CF40A}.Debug|Any CPU.ActiveCfg = Debug|Any CPU
		{B7798EB5-77C4-49A8-BE4A-D7BB0D6CF40A}.Debug|Any CPU.Build.0 = Debug|Any CPU
		{B7798EB5-77C4-49A8-BE4A-D7BB0D6CF40A}.Debug|x64.ActiveCfg = Debug|Any CPU
		{B7798EB5-77C4-49A8-BE4A-D7BB0D6CF40A}.Debug|x64.Build.0 = Debug|Any CPU
		{B7798EB5-77C4-49A8-BE4A-D7BB0D6CF40A}.Debug|x86.ActiveCfg = Debug|Any CPU
		{B7798EB5-77C4-49A8-BE4A-D7BB0D6CF40A}.Debug|x86.Build.0 = Debug|Any CPU
		{B7798EB5-77C4-49A8-BE4A-D7BB0D6CF40A}.Release|Any CPU.ActiveCfg = Release|Any CPU
		{B7798EB5-77C4-49A8-BE4A-D7BB0D6CF40A}.Release|Any CPU.Build.0 = Release|Any CPU
		{B7798EB5-77C4-49A8-BE4A-D7BB0D6CF40A}.Release|x64.ActiveCfg = Release|Any CPU
		{B7798EB5-77C4-49A8-BE4A-D7BB0D6CF40A}.Release|x64.Build.0 = Release|Any CPU
		{B7798EB5-77C4-49A8-BE4A-D7BB0D6CF40A}.Release|x86.ActiveCfg = Release|Any CPU
		{B7798EB5-77C4-49A8-BE4A-D7BB0D6CF40A}.Release|x86.Build.0 = Release|Any CPU
		{9A877862-6EA6-4FFB-9932-A735E2A4072A}.Debug|Any CPU.ActiveCfg = Debug|Any CPU
		{9A877862-6EA6-4FFB-9932-A735E2A4072A}.Debug|Any CPU.Build.0 = Debug|Any CPU
		{9A877862-6EA6-4FFB-9932-A735E2A4072A}.Debug|x64.ActiveCfg = Debug|Any CPU
		{9A877862-6EA6-4FFB-9932-A735E2A4072A}.Debug|x64.Build.0 = Debug|Any CPU
		{9A877862-6EA6-4FFB-9932-A735E2A4072A}.Debug|x86.ActiveCfg = Debug|Any CPU
		{9A877862-6EA6-4FFB-9932-A735E2A4072A}.Debug|x86.Build.0 = Debug|Any CPU
		{9A877862-6EA6-4FFB-9932-A735E2A4072A}.Release|Any CPU.ActiveCfg = Release|Any CPU
		{9A877862-6EA6-4FFB-9932-A735E2A4072A}.Release|Any CPU.Build.0 = Release|Any CPU
		{9A877862-6EA6-4FFB-9932-A735E2A4072A}.Release|x64.ActiveCfg = Release|Any CPU
		{9A877862-6EA6-4FFB-9932-A735E2A4072A}.Release|x64.Build.0 = Release|Any CPU
		{9A877862-6EA6-4FFB-9932-A735E2A4072A}.Release|x86.ActiveCfg = Release|Any CPU
		{9A877862-6EA6-4FFB-9932-A735E2A4072A}.Release|x86.Build.0 = Release|Any CPU
		{EF8772F5-4575-49A4-B3F2-F5A782080213}.Debug|Any CPU.ActiveCfg = Debug|Any CPU
		{EF8772F5-4575-49A4-B3F2-F5A782080213}.Debug|Any CPU.Build.0 = Debug|Any CPU
		{EF8772F5-4575-49A4-B3F2-F5A782080213}.Debug|x64.ActiveCfg = Debug|Any CPU
		{EF8772F5-4575-49A4-B3F2-F5A782080213}.Debug|x64.Build.0 = Debug|Any CPU
		{EF8772F5-4575-49A4-B3F2-F5A782080213}.Debug|x86.ActiveCfg = Debug|Any CPU
		{EF8772F5-4575-49A4-B3F2-F5A782080213}.Debug|x86.Build.0 = Debug|Any CPU
		{EF8772F5-4575-49A4-B3F2-F5A782080213}.Release|Any CPU.ActiveCfg = Release|Any CPU
		{EF8772F5-4575-49A4-B3F2-F5A782080213}.Release|Any CPU.Build.0 = Release|Any CPU
		{EF8772F5-4575-49A4-B3F2-F5A782080213}.Release|x64.ActiveCfg = Release|Any CPU
		{EF8772F5-4575-49A4-B3F2-F5A782080213}.Release|x64.Build.0 = Release|Any CPU
		{EF8772F5-4575-49A4-B3F2-F5A782080213}.Release|x86.ActiveCfg = Release|Any CPU
		{EF8772F5-4575-49A4-B3F2-F5A782080213}.Release|x86.Build.0 = Release|Any CPU
	EndGlobalSection
	GlobalSection(SolutionProperties) = preSolution
		HideSolutionNode = FALSE
	EndGlobalSection
	GlobalSection(NestedProjects) = preSolution
		{0B07B802-470B-4138-B230-2B10985A7182} = {1D9152DC-3916-4267-8618-BDBB776AF330}
		{1D9152DC-3916-4267-8618-BDBB776AF330} = {4734EACA-110C-41E4-991B-14E40215D6E5}
		{5219D71D-C2E7-4327-8887-395646D84B2A} = {4734EACA-110C-41E4-991B-14E40215D6E5}
		{574655A8-6396-42CF-A03E-50A28749F221} = {5219D71D-C2E7-4327-8887-395646D84B2A}
		{D06B56EF-0F91-4942-9BBA-0E943D9DC996} = {4734EACA-110C-41E4-991B-14E40215D6E5}
		{EB4BDB4C-9727-4498-99C9-F9865D3EA9A5} = {D06B56EF-0F91-4942-9BBA-0E943D9DC996}
		{DAC1F5AD-1C5B-478E-A318-43AA4AC3E419} = {D06B56EF-0F91-4942-9BBA-0E943D9DC996}
		{41739FE2-D2B2-4447-AA5A-7F81676ECBF9} = {D06B56EF-0F91-4942-9BBA-0E943D9DC996}
		{AB2D89D1-36BF-4E33-B3EE-3FF78245DD7E} = {D06B56EF-0F91-4942-9BBA-0E943D9DC996}
		{245A9F3B-AAF1-4014-A632-0222B74012AB} = {D06B56EF-0F91-4942-9BBA-0E943D9DC996}
		{9FC189B0-BE2F-4E7D-84C8-849BA3F300E6} = {4734EACA-110C-41E4-991B-14E40215D6E5}
		{31AA7405-1731-48A8-AFDE-EE16E347B03A} = {9FC189B0-BE2F-4E7D-84C8-849BA3F300E6}
		{6CAA5402-20B2-4AC5-9EB0-FA0116FDE3C8} = {4734EACA-110C-41E4-991B-14E40215D6E5}
		{2E98D979-5954-433F-B0B5-09938A548CC6} = {6CAA5402-20B2-4AC5-9EB0-FA0116FDE3C8}
		{623DEB57-3BD3-4299-8599-F9AE83480BFF} = {9FC189B0-BE2F-4E7D-84C8-849BA3F300E6}
		{87FC65B3-E5CA-45A8-B5B9-5544965123DB} = {4734EACA-110C-41E4-991B-14E40215D6E5}
		{373539EF-8E53-46F0-82DD-044487242382} = {87FC65B3-E5CA-45A8-B5B9-5544965123DB}
		{60F98016-89CB-417F-9BBA-4F868AE7A447} = {4734EACA-110C-41E4-991B-14E40215D6E5}
		{0B5109FD-6DDF-4A44-9C88-13D58D4DB800} = {60F98016-89CB-417F-9BBA-4F868AE7A447}
		{1A0633A2-30B8-4C36-8D9D-7E07224710B8} = {4734EACA-110C-41E4-991B-14E40215D6E5}
		{5B33E74D-B54A-4695-BC95-942DC58198B3} = {1A0633A2-30B8-4C36-8D9D-7E07224710B8}
		{451997F7-0EFB-43D0-9049-952599523E49} = {4734EACA-110C-41E4-991B-14E40215D6E5}
		{4E6272EA-0DC1-4D7E-B6F4-DFDA83BAC898} = {451997F7-0EFB-43D0-9049-952599523E49}
		{15A6A110-9590-4179-BD00-F0B681D0408B} = {4734EACA-110C-41E4-991B-14E40215D6E5}
		{1D534ABD-41D9-4331-BE4F-6277DF6DD5AB} = {15A6A110-9590-4179-BD00-F0B681D0408B}
		{4B0780FA-AD0A-463A-9713-C6D7F42C5241} = {4734EACA-110C-41E4-991B-14E40215D6E5}
		{D1FAB73C-4B26-46FD-BE27-83B33A4F8794} = {4B0780FA-AD0A-463A-9713-C6D7F42C5241}
		{1072ACCF-2DA5-4606-94E7-A56F400422EC} = {4B0780FA-AD0A-463A-9713-C6D7F42C5241}
		{44D8A73D-F863-4656-AB80-E20B0D39F5ED} = {4B0780FA-AD0A-463A-9713-C6D7F42C5241}
		{D971FDCE-60B6-49EA-8594-1DB6C53F9337} = {31028D2A-55C0-42BF-8C55-760DDC97D2E5}
		{8DC08263-6AB0-4E64-8617-15B10ADDAE88} = {D971FDCE-60B6-49EA-8594-1DB6C53F9337}
		{5908B686-3719-46EA-B777-3C3C4989E69B} = {D971FDCE-60B6-49EA-8594-1DB6C53F9337}
		{C7B3EF2D-5F7A-4122-A262-70D497482A23} = {31028D2A-55C0-42BF-8C55-760DDC97D2E5}
		{8513FE84-15C1-4384-8ADD-F53CEFE4EF22} = {C7B3EF2D-5F7A-4122-A262-70D497482A23}
		{2CAE4AEA-228A-4B23-B46F-CAEE386EAFD3} = {31028D2A-55C0-42BF-8C55-760DDC97D2E5}
		{A3EDD236-326A-434E-AFF6-CD8FBB4AC5BD} = {2CAE4AEA-228A-4B23-B46F-CAEE386EAFD3}
		{E993BA88-042D-439E-9E1D-8737DC8DE41D} = {31028D2A-55C0-42BF-8C55-760DDC97D2E5}
		{1D093BA8-7D4B-4A65-85E6-2979EB07A5DC} = {E993BA88-042D-439E-9E1D-8737DC8DE41D}
		{25DE453D-1C81-47BF-92E8-543E5229699F} = {31028D2A-55C0-42BF-8C55-760DDC97D2E5}
		{DE290CB3-9D63-4334-AFF4-7EC428A7D77D} = {25DE453D-1C81-47BF-92E8-543E5229699F}
		{AEBDD50D-1E4E-4B97-BCBE-8CF16E91B743} = {31028D2A-55C0-42BF-8C55-760DDC97D2E5}
		{B7798EB5-77C4-49A8-BE4A-D7BB0D6CF40A} = {AEBDD50D-1E4E-4B97-BCBE-8CF16E91B743}
		{3A943B4F-F66E-4FE4-B156-6A39F0DDBA54} = {31028D2A-55C0-42BF-8C55-760DDC97D2E5}
		{9A877862-6EA6-4FFB-9932-A735E2A4072A} = {3A943B4F-F66E-4FE4-B156-6A39F0DDBA54}
		{1D2721B3-696A-4B07-8319-831F1D73F548} = {31028D2A-55C0-42BF-8C55-760DDC97D2E5}
		{EF8772F5-4575-49A4-B3F2-F5A782080213} = {1D2721B3-696A-4B07-8319-831F1D73F548}
	EndGlobalSection
	GlobalSection(ExtensibilityGlobals) = postSolution
		SolutionGuid = {76EC34DF-6BC3-4283-8128-050FEAB28534}
	EndGlobalSection
EndGlobal
